
Microsoft Visual Studio Solution File, Format Version 12.00
# Visual Studio Version 16
VisualStudioVersion = 16.0.31205.134
MinimumVisualStudioVersion = 10.0.40219.1
Project("{9A19103F-16F7-4668-BE54-9A1E7A4F7556}") = "Evento.API", "Eventos.API\Evento.API.csproj", "{73581291-ACD9-47E6-85FA-8BD84F98475D}"
EndProject
Project("{9A19103F-16F7-4668-BE54-9A1E7A4F7556}") = "Evento.Core", "Evento.Core\Evento.Core.csproj", "{1D3F5BC2-0192-4F94-A4CD-CD12B26A6DD0}"
EndProject
Project("{9A19103F-16F7-4668-BE54-9A1E7A4F7556}") = "Evento.InfraStructure", "Evento.InfraStructure\Evento.InfraStructure.csproj", "{BB8DC595-1F46-4C8A-A9C9-CEFD5DFDC593}"
EndProject
Global
	GlobalSection(SolutionConfigurationPlatforms) = preSolution
		Debug|Any CPU = Debug|Any CPU
		Release|Any CPU = Release|Any CPU
	EndGlobalSection
	GlobalSection(ProjectConfigurationPlatforms) = postSolution
		{73581291-ACD9-47E6-85FA-8BD84F98475D}.Debug|Any CPU.ActiveCfg = Debug|Any CPU
		{73581291-ACD9-47E6-85FA-8BD84F98475D}.Debug|Any CPU.Build.0 = Debug|Any CPU
		{73581291-ACD9-47E6-85FA-8BD84F98475D}.Release|Any CPU.ActiveCfg = Release|Any CPU
		{73581291-ACD9-47E6-85FA-8BD84F98475D}.Release|Any CPU.Build.0 = Release|Any CPU
		{1D3F5BC2-0192-4F94-A4CD-CD12B26A6DD0}.Debug|Any CPU.ActiveCfg = Debug|Any CPU
		{1D3F5BC2-0192-4F94-A4CD-CD12B26A6DD0}.Debug|Any CPU.Build.0 = Debug|Any CPU
		{1D3F5BC2-0192-4F94-A4CD-CD12B26A6DD0}.Release|Any CPU.ActiveCfg = Release|Any CPU
		{1D3F5BC2-0192-4F94-A4CD-CD12B26A6DD0}.Release|Any CPU.Build.0 = Release|Any CPU
		{BB8DC595-1F46-4C8A-A9C9-CEFD5DFDC593}.Debug|Any CPU.ActiveCfg = Debug|Any CPU
		{BB8DC595-1F46-4C8A-A9C9-CEFD5DFDC593}.Debug|Any CPU.Build.0 = Debug|Any CPU
		{BB8DC595-1F46-4C8A-A9C9-CEFD5DFDC593}.Release|Any CPU.ActiveCfg = Release|Any CPU
		{BB8DC595-1F46-4C8A-A9C9-CEFD5DFDC593}.Release|Any CPU.Build.0 = Release|Any CPU
	EndGlobalSection
	GlobalSection(SolutionProperties) = preSolution
		HideSolutionNode = FALSE
	EndGlobalSection
	GlobalSection(ExtensibilityGlobals) = postSolution
		SolutionGuid = {C1DE158A-9661-4F42-B6FF-8D9A1E05B801}
	EndGlobalSection
EndGlobal
